// !$*UTF8*$!
{
	archiveVersion = 1;
	classes = {
	};
	objectVersion = 55;
	objects = {

/* Begin PBXBuildFile section */
		2B77F820278E58BE006C47F7 /* AppDelegate.swift in Sources */ = {isa = PBXBuildFile; fileRef = 2B77F81F278E58BE006C47F7 /* AppDelegate.swift */; };
		2B77F822278E58BE006C47F7 /* SceneDelegate.swift in Sources */ = {isa = PBXBuildFile; fileRef = 2B77F821278E58BE006C47F7 /* SceneDelegate.swift */; };
		2B77F824278E58BE006C47F7 /* ViewController.swift in Sources */ = {isa = PBXBuildFile; fileRef = 2B77F823278E58BE006C47F7 /* ViewController.swift */; };
		2B77F827278E58BE006C47F7 /* Main.storyboard in Resources */ = {isa = PBXBuildFile; fileRef = 2B77F825278E58BE006C47F7 /* Main.storyboard */; };
		2B77F829278E58BF006C47F7 /* Assets.xcassets in Resources */ = {isa = PBXBuildFile; fileRef = 2B77F828278E58BF006C47F7 /* Assets.xcassets */; };
		2B77F82C278E58BF006C47F7 /* LaunchScreen.storyboard in Resources */ = {isa = PBXBuildFile; fileRef = 2B77F82A278E58BF006C47F7 /* LaunchScreen.storyboard */; };
		2B77F837278E58BF006C47F7 /* MovieAppTests.swift in Sources */ = {isa = PBXBuildFile; fileRef = 2B77F836278E58BF006C47F7 /* MovieAppTests.swift */; };
		2B77F841278E58BF006C47F7 /* MovieAppUITests.swift in Sources */ = {isa = PBXBuildFile; fileRef = 2B77F840278E58BF006C47F7 /* MovieAppUITests.swift */; };
		2B77F843278E58BF006C47F7 /* MovieAppUITestsLaunchTests.swift in Sources */ = {isa = PBXBuildFile; fileRef = 2B77F842278E58BF006C47F7 /* MovieAppUITestsLaunchTests.swift */; };
		2B77F855278E5AF8006C47F7 /* HomeViewController.swift in Sources */ = {isa = PBXBuildFile; fileRef = 2B77F854278E5AF8006C47F7 /* HomeViewController.swift */; };
		2B77F857278E5B29006C47F7 /* Movie.swift in Sources */ = {isa = PBXBuildFile; fileRef = 2B77F856278E5B29006C47F7 /* Movie.swift */; };
		2B77F859278E5B6B006C47F7 /* MovieTableViewCell.swift in Sources */ = {isa = PBXBuildFile; fileRef = 2B77F858278E5B6B006C47F7 /* MovieTableViewCell.swift */; };
		2B77F85B278E5BA4006C47F7 /* MovieViewModel.swift in Sources */ = {isa = PBXBuildFile; fileRef = 2B77F85A278E5BA4006C47F7 /* MovieViewModel.swift */; };
		2B77F85D278E5D1E006C47F7 /* AsyncImage.swift in Sources */ = {isa = PBXBuildFile; fileRef = 2B77F85C278E5D1E006C47F7 /* AsyncImage.swift */; };
		2B77F85F278E5D2B006C47F7 /* UIImageView+Downloaded.swift in Sources */ = {isa = PBXBuildFile; fileRef = 2B77F85E278E5D2A006C47F7 /* UIImageView+Downloaded.swift */; };
		2B77F861278E5D46006C47F7 /* ImageDownloadHelper.swift in Sources */ = {isa = PBXBuildFile; fileRef = 2B77F860278E5D46006C47F7 /* ImageDownloadHelper.swift */; };
		2B77F864278E5F78006C47F7 /* MovieDetailViewController.swift in Sources */ = {isa = PBXBuildFile; fileRef = 2B77F863278E5F78006C47F7 /* MovieDetailViewController.swift */; };
		2B77F866278E6EAA006C47F7 /* README.md in Resources */ = {isa = PBXBuildFile; fileRef = 2B77F865278E6EAA006C47F7 /* README.md */; };
/* End PBXBuildFile section */

/* Begin PBXContainerItemProxy section */
		2B77F833278E58BF006C47F7 /* PBXContainerItemProxy */ = {
			isa = PBXContainerItemProxy;
			containerPortal = 2B77F814278E58BE006C47F7 /* Project object */;
			proxyType = 1;
			remoteGlobalIDString = 2B77F81B278E58BE006C47F7;
			remoteInfo = MovieApp;
		};
		2B77F83D278E58BF006C47F7 /* PBXContainerItemProxy */ = {
			isa = PBXContainerItemProxy;
			containerPortal = 2B77F814278E58BE006C47F7 /* Project object */;
			proxyType = 1;
			remoteGlobalIDString = 2B77F81B278E58BE006C47F7;
			remoteInfo = MovieApp;
		};
/* End PBXContainerItemProxy section */

/* Begin PBXFileReference section */
		2B77F81C278E58BE006C47F7 /* MovieApp.app */ = {isa = PBXFileReference; explicitFileType = wrapper.application; includeInIndex = 0; path = MovieApp.app; sourceTree = BUILT_PRODUCTS_DIR; };
		2B77F81F278E58BE006C47F7 /* AppDelegate.swift */ = {isa = PBXFileReference; lastKnownFileType = sourcecode.swift; path = AppDelegate.swift; sourceTree = "<group>"; };
		2B77F821278E58BE006C47F7 /* SceneDelegate.swift */ = {isa = PBXFileReference; lastKnownFileType = sourcecode.swift; path = SceneDelegate.swift; sourceTree = "<group>"; };
		2B77F823278E58BE006C47F7 /* ViewController.swift */ = {isa = PBXFileReference; lastKnownFileType = sourcecode.swift; path = ViewController.swift; sourceTree = "<group>"; };
		2B77F826278E58BE006C47F7 /* Base */ = {isa = PBXFileReference; lastKnownFileType = file.storyboard; name = Base; path = Base.lproj/Main.storyboard; sourceTree = "<group>"; };
		2B77F828278E58BF006C47F7 /* Assets.xcassets */ = {isa = PBXFileReference; lastKnownFileType = folder.assetcatalog; path = Assets.xcassets; sourceTree = "<group>"; };
		2B77F82B278E58BF006C47F7 /* Base */ = {isa = PBXFileReference; lastKnownFileType = file.storyboard; name = Base; path = Base.lproj/LaunchScreen.storyboard; sourceTree = "<group>"; };
		2B77F82D278E58BF006C47F7 /* Info.plist */ = {isa = PBXFileReference; lastKnownFileType = text.plist.xml; path = Info.plist; sourceTree = "<group>"; };
		2B77F832278E58BF006C47F7 /* MovieAppTests.xctest */ = {isa = PBXFileReference; explicitFileType = wrapper.cfbundle; includeInIndex = 0; path = MovieAppTests.xctest; sourceTree = BUILT_PRODUCTS_DIR; };
		2B77F836278E58BF006C47F7 /* MovieAppTests.swift */ = {isa = PBXFileReference; lastKnownFileType = sourcecode.swift; path = MovieAppTests.swift; sourceTree = "<group>"; };
		2B77F83C278E58BF006C47F7 /* MovieAppUITests.xctest */ = {isa = PBXFileReference; explicitFileType = wrapper.cfbundle; includeInIndex = 0; path = MovieAppUITests.xctest; sourceTree = BUILT_PRODUCTS_DIR; };
		2B77F840278E58BF006C47F7 /* MovieAppUITests.swift */ = {isa = PBXFileReference; lastKnownFileType = sourcecode.swift; path = MovieAppUITests.swift; sourceTree = "<group>"; };
		2B77F842278E58BF006C47F7 /* MovieAppUITestsLaunchTests.swift */ = {isa = PBXFileReference; lastKnownFileType = sourcecode.swift; path = MovieAppUITestsLaunchTests.swift; sourceTree = "<group>"; };
		2B77F854278E5AF8006C47F7 /* HomeViewController.swift */ = {isa = PBXFileReference; lastKnownFileType = sourcecode.swift; path = HomeViewController.swift; sourceTree = "<group>"; };
		2B77F856278E5B29006C47F7 /* Movie.swift */ = {isa = PBXFileReference; lastKnownFileType = sourcecode.swift; path = Movie.swift; sourceTree = "<group>"; };
		2B77F858278E5B6B006C47F7 /* MovieTableViewCell.swift */ = {isa = PBXFileReference; lastKnownFileType = sourcecode.swift; path = MovieTableViewCell.swift; sourceTree = "<group>"; };
		2B77F85A278E5BA4006C47F7 /* MovieViewModel.swift */ = {isa = PBXFileReference; lastKnownFileType = sourcecode.swift; path = MovieViewModel.swift; sourceTree = "<group>"; };
		2B77F85C278E5D1E006C47F7 /* AsyncImage.swift */ = {isa = PBXFileReference; lastKnownFileType = sourcecode.swift; path = AsyncImage.swift; sourceTree = "<group>"; };
		2B77F85E278E5D2A006C47F7 /* UIImageView+Downloaded.swift */ = {isa = PBXFileReference; lastKnownFileType = sourcecode.swift; path = "UIImageView+Downloaded.swift"; sourceTree = "<group>"; };
		2B77F860278E5D46006C47F7 /* ImageDownloadHelper.swift */ = {isa = PBXFileReference; lastKnownFileType = sourcecode.swift; path = ImageDownloadHelper.swift; sourceTree = "<group>"; };
		2B77F863278E5F78006C47F7 /* MovieDetailViewController.swift */ = {isa = PBXFileReference; lastKnownFileType = sourcecode.swift; path = MovieDetailViewController.swift; sourceTree = "<group>"; };
		2B77F865278E6EAA006C47F7 /* README.md */ = {isa = PBXFileReference; fileEncoding = 4; lastKnownFileType = net.daringfireball.markdown; path = README.md; sourceTree = SOURCE_ROOT; };
/* End PBXFileReference section */

/* Begin PBXFrameworksBuildPhase section */
		2B77F819278E58BE006C47F7 /* Frameworks */ = {
			isa = PBXFrameworksBuildPhase;
			buildActionMask = 2147483647;
			files = (
			);
			runOnlyForDeploymentPostprocessing = 0;
		};
		2B77F82F278E58BF006C47F7 /* Frameworks */ = {
			isa = PBXFrameworksBuildPhase;
			buildActionMask = 2147483647;
			files = (
			);
			runOnlyForDeploymentPostprocessing = 0;
		};
		2B77F839278E58BF006C47F7 /* Frameworks */ = {
			isa = PBXFrameworksBuildPhase;
			buildActionMask = 2147483647;
			files = (
			);
			runOnlyForDeploymentPostprocessing = 0;
		};
/* End PBXFrameworksBuildPhase section */

/* Begin PBXGroup section */
		2B77F813278E58BE006C47F7 = {
			isa = PBXGroup;
			children = (
				2B77F81E278E58BE006C47F7 /* MovieApp */,
				2B77F835278E58BF006C47F7 /* MovieAppTests */,
				2B77F83F278E58BF006C47F7 /* MovieAppUITests */,
				2B77F81D278E58BE006C47F7 /* Products */,
			);
			sourceTree = "<group>";
		};
		2B77F81D278E58BE006C47F7 /* Products */ = {
			isa = PBXGroup;
			children = (
				2B77F81C278E58BE006C47F7 /* MovieApp.app */,
				2B77F832278E58BF006C47F7 /* MovieAppTests.xctest */,
				2B77F83C278E58BF006C47F7 /* MovieAppUITests.xctest */,
			);
			name = Products;
			sourceTree = "<group>";
		};
		2B77F81E278E58BE006C47F7 /* MovieApp */ = {
			isa = PBXGroup;
			children = (
				2B77F81F278E58BE006C47F7 /* AppDelegate.swift */,
				2B77F821278E58BE006C47F7 /* SceneDelegate.swift */,
				2B77F823278E58BE006C47F7 /* ViewController.swift */,
				2B77F84F278E5A90006C47F7 /* Model */,
				2B77F851278E5AA9006C47F7 /* View */,
				2B77F850278E5A9E006C47F7 /* ViewModel */,
				2B77F852278E5ABB006C47F7 /* Helper */,
				2B77F825278E58BE006C47F7 /* Main.storyboard */,
				2B77F828278E58BF006C47F7 /* Assets.xcassets */,
				2B77F82A278E58BF006C47F7 /* LaunchScreen.storyboard */,
				2B77F865278E6EAA006C47F7 /* README.md */,
				2B77F82D278E58BF006C47F7 /* Info.plist */,
			);
			path = MovieApp;
			sourceTree = "<group>";
		};
		2B77F835278E58BF006C47F7 /* MovieAppTests */ = {
			isa = PBXGroup;
			children = (
				2B77F836278E58BF006C47F7 /* MovieAppTests.swift */,
			);
			path = MovieAppTests;
			sourceTree = "<group>";
		};
		2B77F83F278E58BF006C47F7 /* MovieAppUITests */ = {
			isa = PBXGroup;
			children = (
				2B77F840278E58BF006C47F7 /* MovieAppUITests.swift */,
				2B77F842278E58BF006C47F7 /* MovieAppUITestsLaunchTests.swift */,
			);
			path = MovieAppUITests;
			sourceTree = "<group>";
		};
		2B77F84F278E5A90006C47F7 /* Model */ = {
			isa = PBXGroup;
			children = (
				2B77F856278E5B29006C47F7 /* Movie.swift */,
			);
			path = Model;
			sourceTree = "<group>";
		};
		2B77F850278E5A9E006C47F7 /* ViewModel */ = {
			isa = PBXGroup;
			children = (
				2B77F85A278E5BA4006C47F7 /* MovieViewModel.swift */,
			);
			path = ViewModel;
			sourceTree = "<group>";
		};
		2B77F851278E5AA9006C47F7 /* View */ = {
			isa = PBXGroup;
			children = (
				2B77F853278E5ADF006C47F7 /* Home */,
				2B77F862278E5F35006C47F7 /* MovieDetail */,
			);
			path = View;
			sourceTree = "<group>";
		};
		2B77F852278E5ABB006C47F7 /* Helper */ = {
			isa = PBXGroup;
			children = (
				2B77F85C278E5D1E006C47F7 /* AsyncImage.swift */,
				2B77F85E278E5D2A006C47F7 /* UIImageView+Downloaded.swift */,
				2B77F860278E5D46006C47F7 /* ImageDownloadHelper.swift */,
			);
			path = Helper;
			sourceTree = "<group>";
		};
		2B77F853278E5ADF006C47F7 /* Home */ = {
			isa = PBXGroup;
			children = (
				2B77F854278E5AF8006C47F7 /* HomeViewController.swift */,
				2B77F858278E5B6B006C47F7 /* MovieTableViewCell.swift */,
			);
			path = Home;
			sourceTree = "<group>";
		};
		2B77F862278E5F35006C47F7 /* MovieDetail */ = {
			isa = PBXGroup;
			children = (
				2B77F863278E5F78006C47F7 /* MovieDetailViewController.swift */,
			);
			path = MovieDetail;
			sourceTree = "<group>";
		};
/* End PBXGroup section */

/* Begin PBXNativeTarget section */
		2B77F81B278E58BE006C47F7 /* MovieApp */ = {
			isa = PBXNativeTarget;
			buildConfigurationList = 2B77F846278E58BF006C47F7 /* Build configuration list for PBXNativeTarget "MovieApp" */;
			buildPhases = (
				2B77F818278E58BE006C47F7 /* Sources */,
				2B77F819278E58BE006C47F7 /* Frameworks */,
				2B77F81A278E58BE006C47F7 /* Resources */,
			);
			buildRules = (
			);
			dependencies = (
			);
			name = MovieApp;
			productName = MovieApp;
			productReference = 2B77F81C278E58BE006C47F7 /* MovieApp.app */;
			productType = "com.apple.product-type.application";
		};
		2B77F831278E58BF006C47F7 /* MovieAppTests */ = {
			isa = PBXNativeTarget;
			buildConfigurationList = 2B77F849278E58BF006C47F7 /* Build configuration list for PBXNativeTarget "MovieAppTests" */;
			buildPhases = (
				2B77F82E278E58BF006C47F7 /* Sources */,
				2B77F82F278E58BF006C47F7 /* Frameworks */,
				2B77F830278E58BF006C47F7 /* Resources */,
			);
			buildRules = (
			);
			dependencies = (
				2B77F834278E58BF006C47F7 /* PBXTargetDependency */,
			);
			name = MovieAppTests;
			productName = MovieAppTests;
			productReference = 2B77F832278E58BF006C47F7 /* MovieAppTests.xctest */;
			productType = "com.apple.product-type.bundle.unit-test";
		};
		2B77F83B278E58BF006C47F7 /* MovieAppUITests */ = {
			isa = PBXNativeTarget;
			buildConfigurationList = 2B77F84C278E58BF006C47F7 /* Build configuration list for PBXNativeTarget "MovieAppUITests" */;
			buildPhases = (
				2B77F838278E58BF006C47F7 /* Sources */,
				2B77F839278E58BF006C47F7 /* Frameworks */,
				2B77F83A278E58BF006C47F7 /* Resources */,
			);
			buildRules = (
			);
			dependencies = (
				2B77F83E278E58BF006C47F7 /* PBXTargetDependency */,
			);
			name = MovieAppUITests;
			productName = MovieAppUITests;
			productReference = 2B77F83C278E58BF006C47F7 /* MovieAppUITests.xctest */;
			productType = "com.apple.product-type.bundle.ui-testing";
		};
/* End PBXNativeTarget section */

/* Begin PBXProject section */
		2B77F814278E58BE006C47F7 /* Project object */ = {
			isa = PBXProject;
			attributes = {
				BuildIndependentTargetsInParallel = 1;
				LastSwiftUpdateCheck = 1320;
				LastUpgradeCheck = 1320;
				TargetAttributes = {
					2B77F81B278E58BE006C47F7 = {
						CreatedOnToolsVersion = 13.2.1;
					};
					2B77F831278E58BF006C47F7 = {
						CreatedOnToolsVersion = 13.2.1;
						TestTargetID = 2B77F81B278E58BE006C47F7;
					};
					2B77F83B278E58BF006C47F7 = {
						CreatedOnToolsVersion = 13.2.1;
						TestTargetID = 2B77F81B278E58BE006C47F7;
					};
				};
			};
			buildConfigurationList = 2B77F817278E58BE006C47F7 /* Build configuration list for PBXProject "MovieApp" */;
			compatibilityVersion = "Xcode 13.0";
			developmentRegion = en;
			hasScannedForEncodings = 0;
			knownRegions = (
				en,
				Base,
			);
			mainGroup = 2B77F813278E58BE006C47F7;
			productRefGroup = 2B77F81D278E58BE006C47F7 /* Products */;
			projectDirPath = "";
			projectRoot = "";
			targets = (
				2B77F81B278E58BE006C47F7 /* MovieApp */,
				2B77F831278E58BF006C47F7 /* MovieAppTests */,
				2B77F83B278E58BF006C47F7 /* MovieAppUITests */,
			);
		};
/* End PBXProject section */

/* Begin PBXResourcesBuildPhase section */
		2B77F81A278E58BE006C47F7 /* Resources */ = {
			isa = PBXResourcesBuildPhase;
			buildActionMask = 2147483647;
			files = (
				2B77F82C278E58BF006C47F7 /* LaunchScreen.storyboard in Resources */,
				2B77F829278E58BF006C47F7 /* Assets.xcassets in Resources */,
				2B77F866278E6EAA006C47F7 /* README.md in Resources */,
				2B77F827278E58BE006C47F7 /* Main.storyboard in Resources */,
			);
			runOnlyForDeploymentPostprocessing = 0;
		};
		2B77F830278E58BF006C47F7 /* Resources */ = {
			isa = PBXResourcesBuildPhase;
			buildActionMask = 2147483647;
			files = (
			);
			runOnlyForDeploymentPostprocessing = 0;
		};
		2B77F83A278E58BF006C47F7 /* Resources */ = {
			isa = PBXResourcesBuildPhase;
			buildActionMask = 2147483647;
			files = (
			);
			runOnlyForDeploymentPostprocessing = 0;
		};
/* End PBXResourcesBuildPhase section */

/* Begin PBXSourcesBuildPhase section */
		2B77F818278E58BE006C47F7 /* Sources */ = {
			isa = PBXSourcesBuildPhase;
			buildActionMask = 2147483647;
			files = (
				2B77F824278E58BE006C47F7 /* ViewController.swift in Sources */,
				2B77F820278E58BE006C47F7 /* AppDelegate.swift in Sources */,
				2B77F859278E5B6B006C47F7 /* MovieTableViewCell.swift in Sources */,
				2B77F861278E5D46006C47F7 /* ImageDownloadHelper.swift in Sources */,
				2B77F822278E58BE006C47F7 /* SceneDelegate.swift in Sources */,
				2B77F85D278E5D1E006C47F7 /* AsyncImage.swift in Sources */,
				2B77F85F278E5D2B006C47F7 /* UIImageView+Downloaded.swift in Sources */,
				2B77F855278E5AF8006C47F7 /* HomeViewController.swift in Sources */,
				2B77F85B278E5BA4006C47F7 /* MovieViewModel.swift in Sources */,
				2B77F864278E5F78006C47F7 /* MovieDetailViewController.swift in Sources */,
				2B77F857278E5B29006C47F7 /* Movie.swift in Sources */,
			);
			runOnlyForDeploymentPostprocessing = 0;
		};
		2B77F82E278E58BF006C47F7 /* Sources */ = {
			isa = PBXSourcesBuildPhase;
			buildActionMask = 2147483647;
			files = (
				2B77F837278E58BF006C47F7 /* MovieAppTests.swift in Sources */,
			);
			runOnlyForDeploymentPostprocessing = 0;
		};
		2B77F838278E58BF006C47F7 /* Sources */ = {
			isa = PBXSourcesBuildPhase;
			buildActionMask = 2147483647;
			files = (
				2B77F843278E58BF006C47F7 /* MovieAppUITestsLaunchTests.swift in Sources */,
				2B77F841278E58BF006C47F7 /* MovieAppUITests.swift in Sources */,
			);
			runOnlyForDeploymentPostprocessing = 0;
		};
/* End PBXSourcesBuildPhase section */

/* Begin PBXTargetDependency section */
		2B77F834278E58BF006C47F7 /* PBXTargetDependency */ = {
			isa = PBXTargetDependency;
			target = 2B77F81B278E58BE006C47F7 /* MovieApp */;
			targetProxy = 2B77F833278E58BF006C47F7 /* PBXContainerItemProxy */;
		};
		2B77F83E278E58BF006C47F7 /* PBXTargetDependency */ = {
			isa = PBXTargetDependency;
			target = 2B77F81B278E58BE006C47F7 /* MovieApp */;
			targetProxy = 2B77F83D278E58BF006C47F7 /* PBXContainerItemProxy */;
		};
/* End PBXTargetDependency section */

/* Begin PBXVariantGroup section */
		2B77F825278E58BE006C47F7 /* Main.storyboard */ = {
			isa = PBXVariantGroup;
			children = (
				2B77F826278E58BE006C47F7 /* Base */,
			);
			name = Main.storyboard;
			sourceTree = "<group>";
		};
		2B77F82A278E58BF006C47F7 /* LaunchScreen.storyboard */ = {
			isa = PBXVariantGroup;
			children = (
				2B77F82B278E58BF006C47F7 /* Base */,
			);
			name = LaunchScreen.storyboard;
			sourceTree = "<group>";
		};
/* End PBXVariantGroup section */

/* Begin XCBuildConfiguration section */
		2B77F844278E58BF006C47F7 /* Debug */ = {
			isa = XCBuildConfiguration;
			buildSettings = {
				ALWAYS_SEARCH_USER_PATHS = NO;
				CLANG_ANALYZER_NONNULL = YES;
				CLANG_ANALYZER_NUMBER_OBJECT_CONVERSION = YES_AGGRESSIVE;
				CLANG_CXX_LANGUAGE_STANDARD = "gnu++17";
				CLANG_CXX_LIBRARY = "libc++";
				CLANG_ENABLE_MODULES = YES;
				CLANG_ENABLE_OBJC_ARC = YES;
				CLANG_ENABLE_OBJC_WEAK = YES;
				CLANG_WARN_BLOCK_CAPTURE_AUTORELEASING = YES;
				CLANG_WARN_BOOL_CONVERSION = YES;
				CLANG_WARN_COMMA = YES;
				CLANG_WARN_CONSTANT_CONVERSION = YES;
				CLANG_WARN_DEPRECATED_OBJC_IMPLEMENTATIONS = YES;
				CLANG_WARN_DIRECT_OBJC_ISA_USAGE = YES_ERROR;
				CLANG_WARN_DOCUMENTATION_COMMENTS = YES;
				CLANG_WARN_EMPTY_BODY = YES;
				CLANG_WARN_ENUM_CONVERSION = YES;
				CLANG_WARN_INFINITE_RECURSION = YES;
				CLANG_WARN_INT_CONVERSION = YES;
				CLANG_WARN_NON_LITERAL_NULL_CONVERSION = YES;
				CLANG_WARN_OBJC_IMPLICIT_RETAIN_SELF = YES;
				CLANG_WARN_OBJC_LITERAL_CONVERSION = YES;
				CLANG_WARN_OBJC_ROOT_CLASS = YES_ERROR;
				CLANG_WARN_QUOTED_INCLUDE_IN_FRAMEWORK_HEADER = YES;
				CLANG_WARN_RANGE_LOOP_ANALYSIS = YES;
				CLANG_WARN_STRICT_PROTOTYPES = YES;
				CLANG_WARN_SUSPICIOUS_MOVE = YES;
				CLANG_WARN_UNGUARDED_AVAILABILITY = YES_AGGRESSIVE;
				CLANG_WARN_UNREACHABLE_CODE = YES;
				CLANG_WARN__DUPLICATE_METHOD_MATCH = YES;
				COPY_PHASE_STRIP = NO;
				DEBUG_INFORMATION_FORMAT = dwarf;
				ENABLE_STRICT_OBJC_MSGSEND = YES;
				ENABLE_TESTABILITY = YES;
				GCC_C_LANGUAGE_STANDARD = gnu11;
				GCC_DYNAMIC_NO_PIC = NO;
				GCC_NO_COMMON_BLOCKS = YES;
				GCC_OPTIMIZATION_LEVEL = 0;
				GCC_PREPROCESSOR_DEFINITIONS = (
					"DEBUG=1",
					"$(inherited)",
				);
				GCC_WARN_64_TO_32_BIT_CONVERSION = YES;
				GCC_WARN_ABOUT_RETURN_TYPE = YES_ERROR;
				GCC_WARN_UNDECLARED_SELECTOR = YES;
				GCC_WARN_UNINITIALIZED_AUTOS = YES_AGGRESSIVE;
				GCC_WARN_UNUSED_FUNCTION = YES;
				GCC_WARN_UNUSED_VARIABLE = YES;
				IPHONEOS_DEPLOYMENT_TARGET = 15.2;
				MTL_ENABLE_DEBUG_INFO = INCLUDE_SOURCE;
				MTL_FAST_MATH = YES;
				ONLY_ACTIVE_ARCH = YES;
				SDKROOT = iphoneos;
				SWIFT_ACTIVE_COMPILATION_CONDITIONS = DEBUG;
				SWIFT_OPTIMIZATION_LEVEL = "-Onone";
			};
			name = Debug;
		};
		2B77F845278E58BF006C47F7 /* Release */ = {
			isa = XCBuildConfiguration;
			buildSettings = {
				ALWAYS_SEARCH_USER_PATHS = NO;
				CLANG_ANALYZER_NONNULL = YES;
				CLANG_ANALYZER_NUMBER_OBJECT_CONVERSION = YES_AGGRESSIVE;
				CLANG_CXX_LANGUAGE_STANDARD = "gnu++17";
				CLANG_CXX_LIBRARY = "libc++";
				CLANG_ENABLE_MODULES = YES;
				CLANG_ENABLE_OBJC_ARC = YES;
				CLANG_ENABLE_OBJC_WEAK = YES;
				CLANG_WARN_BLOCK_CAPTURE_AUTORELEASING = YES;
				CLANG_WARN_BOOL_CONVERSION = YES;
				CLANG_WARN_COMMA = YES;
				CLANG_WARN_CONSTANT_CONVERSION = YES;
				CLANG_WARN_DEPRECATED_OBJC_IMPLEMENTATIONS = YES;
				CLANG_WARN_DIRECT_OBJC_ISA_USAGE = YES_ERROR;
				CLANG_WARN_DOCUMENTATION_COMMENTS = YES;
				CLANG_WARN_EMPTY_BODY = YES;
				CLANG_WARN_ENUM_CONVERSION = YES;
				CLANG_WARN_INFINITE_RECURSION = YES;
				CLANG_WARN_INT_CONVERSION = YES;
				CLANG_WARN_NON_LITERAL_NULL_CONVERSION = YES;
				CLANG_WARN_OBJC_IMPLICIT_RETAIN_SELF = YES;
				CLANG_WARN_OBJC_LITERAL_CONVERSION = YES;
				CLANG_WARN_OBJC_ROOT_CLASS = YES_ERROR;
				CLANG_WARN_QUOTED_INCLUDE_IN_FRAMEWORK_HEADER = YES;
				CLANG_WARN_RANGE_LOOP_ANALYSIS = YES;
				CLANG_WARN_STRICT_PROTOTYPES = YES;
				CLANG_WARN_SUSPICIOUS_MOVE = YES;
				CLANG_WARN_UNGUARDED_AVAILABILITY = YES_AGGRESSIVE;
				CLANG_WARN_UNREACHABLE_CODE = YES;
				CLANG_WARN__DUPLICATE_METHOD_MATCH = YES;
				COPY_PHASE_STRIP = NO;
				DEBUG_INFORMATION_FORMAT = "dwarf-with-dsym";
				ENABLE_NS_ASSERTIONS = NO;
				ENABLE_STRICT_OBJC_MSGSEND = YES;
				GCC_C_LANGUAGE_STANDARD = gnu11;
				GCC_NO_COMMON_BLOCKS = YES;
				GCC_WARN_64_TO_32_BIT_CONVERSION = YES;
				GCC_WARN_ABOUT_RETURN_TYPE = YES_ERROR;
				GCC_WARN_UNDECLARED_SELECTOR = YES;
				GCC_WARN_UNINITIALIZED_AUTOS = YES_AGGRESSIVE;
				GCC_WARN_UNUSED_FUNCTION = YES;
				GCC_WARN_UNUSED_VARIABLE = YES;
				IPHONEOS_DEPLOYMENT_TARGET = 15.2;
				MTL_ENABLE_DEBUG_INFO = NO;
				MTL_FAST_MATH = YES;
				SDKROOT = iphoneos;
				SWIFT_COMPILATION_MODE = wholemodule;
				SWIFT_OPTIMIZATION_LEVEL = "-O";
				VALIDATE_PRODUCT = YES;
			};
			name = Release;
		};
		2B77F847278E58BF006C47F7 /* Debug */ = {
			isa = XCBuildConfiguration;
			buildSettings = {
				ASSETCATALOG_COMPILER_APPICON_NAME = AppIcon;
				ASSETCATALOG_COMPILER_GLOBAL_ACCENT_COLOR_NAME = AccentColor;
				CODE_SIGN_STYLE = Automatic;
				CURRENT_PROJECT_VERSION = 1;
				GENERATE_INFOPLIST_FILE = YES;
				INFOPLIST_FILE = MovieApp/Info.plist;
				INFOPLIST_KEY_UIApplicationSupportsIndirectInputEvents = YES;
				INFOPLIST_KEY_UILaunchStoryboardName = LaunchScreen;
				INFOPLIST_KEY_UIMainStoryboardFile = Main;
				INFOPLIST_KEY_UISupportedInterfaceOrientations_iPad = "UIInterfaceOrientationPortrait UIInterfaceOrientationPortraitUpsideDown UIInterfaceOrientationLandscapeLeft UIInterfaceOrientationLandscapeRight";
				INFOPLIST_KEY_UISupportedInterfaceOrientations_iPhone = "UIInterfaceOrientationPortrait UIInterfaceOrientationLandscapeLeft UIInterfaceOrientationLandscapeRight";
				IPHONEOS_DEPLOYMENT_TARGET = 15.2;
				LD_RUNPATH_SEARCH_PATHS = (
					"$(inherited)",
					"@executable_path/Frameworks",
				);
				MARKETING_VERSION = 1.0;
				PRODUCT_BUNDLE_IDENTIFIER = SZ.MovieApp;
				PRODUCT_NAME = "$(TARGET_NAME)";
				SWIFT_EMIT_LOC_STRINGS = YES;
				SWIFT_VERSION = 5.0;
				TARGETED_DEVICE_FAMILY = "1,2";
			};
			name = Debug;
		};
		2B77F848278E58BF006C47F7 /* Release */ = {
			isa = XCBuildConfiguration;
			buildSettings = {
				ASSETCATALOG_COMPILER_APPICON_NAME = AppIcon;
				ASSETCATALOG_COMPILER_GLOBAL_ACCENT_COLOR_NAME = AccentColor;
				CODE_SIGN_STYLE = Automatic;
				CURRENT_PROJECT_VERSION = 1;
				GENERATE_INFOPLIST_FILE = YES;
				INFOPLIST_FILE = MovieApp/Info.plist;
				INFOPLIST_KEY_UIApplicationSupportsIndirectInputEvents = YES;
				INFOPLIST_KEY_UILaunchStoryboardName = LaunchScreen;
				INFOPLIST_KEY_UIMainStoryboardFile = Main;
				INFOPLIST_KEY_UISupportedInterfaceOrientations_iPad = "UIInterfaceOrientationPortrait UIInterfaceOrientationPortraitUpsideDown UIInterfaceOrientationLandscapeLeft UIInterfaceOrientationLandscapeRight";
				INFOPLIST_KEY_UISupportedInterfaceOrientations_iPhone = "UIInterfaceOrientationPortrait UIInterfaceOrientationLandscapeLeft UIInterfaceOrientationLandscapeRight";
				IPHONEOS_DEPLOYMENT_TARGET = 15.2;
				LD_RUNPATH_SEARCH_PATHS = (
					"$(inherited)",
					"@executable_path/Frameworks",
				);
				MARKETING_VERSION = 1.0;
				PRODUCT_BUNDLE_IDENTIFIER = SZ.MovieApp;
				PRODUCT_NAME = "$(TARGET_NAME)";
				SWIFT_EMIT_LOC_STRINGS = YES;
				SWIFT_VERSION = 5.0;
				TARGETED_DEVICE_FAMILY = "1,2";
			};
			name = Release;
		};
		2B77F84A278E58BF006C47F7 /* Debug */ = {
			isa = XCBuildConfiguration;
			buildSettings = {
				ALWAYS_EMBED_SWIFT_STANDARD_LIBRARIES = YES;
				BUNDLE_LOADER = "$(TEST_HOST)";
				CODE_SIGN_STYLE = Automatic;
				CURRENT_PROJECT_VERSION = 1;
				GENERATE_INFOPLIST_FILE = YES;
				IPHONEOS_DEPLOYMENT_TARGET = 15.2;
				MARKETING_VERSION = 1.0;
				PRODUCT_BUNDLE_IDENTIFIER = SZ.MovieAppTests;
				PRODUCT_NAME = "$(TARGET_NAME)";
				SWIFT_EMIT_LOC_STRINGS = NO;
				SWIFT_VERSION = 5.0;
				TARGETED_DEVICE_FAMILY = "1,2";
				TEST_HOST = "$(BUILT_PRODUCTS_DIR)/MovieApp.app/MovieApp";
			};
			name = Debug;
		};
		2B77F84B278E58BF006C47F7 /* Release */ = {
			isa = XCBuildConfiguration;
			buildSettings = {
				ALWAYS_EMBED_SWIFT_STANDARD_LIBRARIES = YES;
				BUNDLE_LOADER = "$(TEST_HOST)";
				CODE_SIGN_STYLE = Automatic;
				CURRENT_PROJECT_VERSION = 1;
				GENERATE_INFOPLIST_FILE = YES;
				IPHONEOS_DEPLOYMENT_TARGET = 15.2;
				MARKETING_VERSION = 1.0;
				PRODUCT_BUNDLE_IDENTIFIER = SZ.MovieAppTests;
				PRODUCT_NAME = "$(TARGET_NAME)";
				SWIFT_EMIT_LOC_STRINGS = NO;
				SWIFT_VERSION = 5.0;
				TARGETED_DEVICE_FAMILY = "1,2";
				TEST_HOST = "$(BUILT_PRODUCTS_DIR)/MovieApp.app/MovieApp";
			};
			name = Release;
		};
		2B77F84D278E58BF006C47F7 /* Debug */ = {
			isa = XCBuildConfiguration;
			buildSettings = {
				ALWAYS_EMBED_SWIFT_STANDARD_LIBRARIES = YES;
				CODE_SIGN_STYLE = Automatic;
				CURRENT_PROJECT_VERSION = 1;
				GENERATE_INFOPLIST_FILE = YES;
				MARKETING_VERSION = 1.0;
				PRODUCT_BUNDLE_IDENTIFIER = SZ.MovieAppUITests;
				PRODUCT_NAME = "$(TARGET_NAME)";
				SWIFT_EMIT_LOC_STRINGS = NO;
				SWIFT_VERSION = 5.0;
				TARGETED_DEVICE_FAMILY = "1,2";
				TEST_TARGET_NAME = MovieApp;
			};
			name = Debug;
		};
		2B77F84E278E58BF006C47F7 /* Release */ = {
			isa = XCBuildConfiguration;
			buildSettings = {
				ALWAYS_EMBED_SWIFT_STANDARD_LIBRARIES = YES;
				CODE_SIGN_STYLE = Automatic;
				CURRENT_PROJECT_VERSION = 1;
				GENERATE_INFOPLIST_FILE = YES;
				MARKETING_VERSION = 1.0;
				PRODUCT_BUNDLE_IDENTIFIER = SZ.MovieAppUITests;
				PRODUCT_NAME = "$(TARGET_NAME)";
				SWIFT_EMIT_LOC_STRINGS = NO;
				SWIFT_VERSION = 5.0;
				TARGETED_DEVICE_FAMILY = "1,2";
				TEST_TARGET_NAME = MovieApp;
			};
			name = Release;
		};
/* End XCBuildConfiguration section */

/* Begin XCConfigurationList section */
		2B77F817278E58BE006C47F7 /* Build configuration list for PBXProject "MovieApp" */ = {
			isa = XCConfigurationList;
			buildConfigurations = (
				2B77F844278E58BF006C47F7 /* Debug */,
				2B77F845278E58BF006C47F7 /* Release */,
			);
			defaultConfigurationIsVisible = 0;
			defaultConfigurationName = Release;
		};
		2B77F846278E58BF006C47F7 /* Build configuration list for PBXNativeTarget "MovieApp" */ = {
			isa = XCConfigurationList;
			buildConfigurations = (
				2B77F847278E58BF006C47F7 /* Debug */,
				2B77F848278E58BF006C47F7 /* Release */,
			);
			defaultConfigurationIsVisible = 0;
			defaultConfigurationName = Release;
		};
		2B77F849278E58BF006C47F7 /* Build configuration list for PBXNativeTarget "MovieAppTests" */ = {
			isa = XCConfigurationList;
			buildConfigurations = (
				2B77F84A278E58BF006C47F7 /* Debug */,
				2B77F84B278E58BF006C47F7 /* Release */,
			);
			defaultConfigurationIsVisible = 0;
			defaultConfigurationName = Release;
		};
		2B77F84C278E58BF006C47F7 /* Build configuration list for PBXNativeTarget "MovieAppUITests" */ = {
			isa = XCConfigurationList;
			buildConfigurations = (
				2B77F84D278E58BF006C47F7 /* Debug */,
				2B77F84E278E58BF006C47F7 /* Release */,
			);
			defaultConfigurationIsVisible = 0;
			defaultConfigurationName = Release;
		};
/* End XCConfigurationList section */
	};
	rootObject = 2B77F814278E58BE006C47F7 /* Project object */;
}
